PODS:
  - DeepDiff (2.2.0)
  - IVCollectionKit (0.9.6):
    - DeepDiff

DEPENDENCIES:
  - DeepDiff
  - IVCollectionKit (from `~/CollectionKit/`)

SPEC REPOS:
  https://github.com/cocoapods/specs.git:
    - DeepDiff

EXTERNAL SOURCES:
  IVCollectionKit:
    :path: "~/CollectionKit/"

SPEC CHECKSUMS:
  DeepDiff: e329bc46dd14ca788d8ec08d34420799ba1d77f2
  IVCollectionKit: fe26081080435d69abdd9ee43b951a4d5d3c7641

PODFILE CHECKSUM: a9bf27eb11179d1d2fe500900c903062f83f8942

COCOAPODS: 1.7.5
