// !$*UTF8*$!
{
	archiveVersion = 1;
	classes = {
	};
	objectVersion = 46;
	objects = {

/* Begin PBXBuildFile section */
		D6077EF41F9FF1A100DD8CA6 /* CollectionHeaderFooterView.swift in Sources */ = {isa = PBXBuildFile; fileRef = D6077EF31F9FF1A100DD8CA6 /* CollectionHeaderFooterView.swift */; };
		D6077EF91F9FF38600DD8CA6 /* ViewController.swift in Sources */ = {isa = PBXBuildFile; fileRef = D69EEF5A1F6894F5002B29E4 /* ViewController.swift */; };
		D6077EFA1F9FF38600DD8CA6 /* AppDelegate.swift in Sources */ = {isa = PBXBuildFile; fileRef = D69EEF581F6894F5002B29E4 /* AppDelegate.swift */; };
		D6077EFB1F9FF38600DD8CA6 /* CollectionCell.swift in Sources */ = {isa = PBXBuildFile; fileRef = D69EEF7E1F689C98002B29E4 /* CollectionCell.swift */; };
		D6077EFD1F9FF38600DD8CA6 /* CollectionKit.framework in Frameworks */ = {isa = PBXBuildFile; fileRef = D638A8D91F9D258E00B858E9 /* CollectionKit.framework */; };
		D6077EFF1F9FF38600DD8CA6 /* LaunchScreen.storyboard in Resources */ = {isa = PBXBuildFile; fileRef = D638A8FF1F9D25AF00B858E9 /* LaunchScreen.storyboard */; };
		D6077F001F9FF38600DD8CA6 /* Assets.xcassets in Resources */ = {isa = PBXBuildFile; fileRef = D638A8FD1F9D25AF00B858E9 /* Assets.xcassets */; };
		D6077F021F9FF38600DD8CA6 /* Main.storyboard in Resources */ = {isa = PBXBuildFile; fileRef = D69EEF5C1F6894F5002B29E4 /* Main.storyboard */; };
		D6077F041F9FF38600DD8CA6 /* CollectionKit.framework in Embed Frameworks */ = {isa = PBXBuildFile; fileRef = D638A8D91F9D258E00B858E9 /* CollectionKit.framework */; settings = {ATTRIBUTES = (CodeSignOnCopy, RemoveHeadersOnCopy, ); }; };
		D61985101FCB201E00D6BCB1 /* CellFromXIB.swift in Sources */ = {isa = PBXBuildFile; fileRef = D619850F1FCB201E00D6BCB1 /* CellFromXIB.swift */; };
		D61985121FCB235C00D6BCB1 /* CellFromXIB.xib in Resources */ = {isa = PBXBuildFile; fileRef = D61985111FCB235C00D6BCB1 /* CellFromXIB.xib */; };
		D61A2F922134956100165700 /* Protocols.swift in Sources */ = {isa = PBXBuildFile; fileRef = D61A2F912134956100165700 /* Protocols.swift */; };
		D61A2F9421349DC200165700 /* Operators.swift in Sources */ = {isa = PBXBuildFile; fileRef = D61A2F9321349DC200165700 /* Operators.swift */; };
		D638A8E91F9D258E00B858E9 /* CollectionKit.h in Headers */ = {isa = PBXBuildFile; fileRef = D638A8DB1F9D258E00B858E9 /* CollectionKit.h */; settings = {ATTRIBUTES = (Public, ); }; };
		D638A9061F9D25EE00B858E9 /* CollectionDirector.swift in Sources */ = {isa = PBXBuildFile; fileRef = D69EEF781F68951A002B29E4 /* CollectionDirector.swift */; };
		D638A9071F9D25EE00B858E9 /* Reusable.swift in Sources */ = {isa = PBXBuildFile; fileRef = D69EEF7A1F6898AA002B29E4 /* Reusable.swift */; };
		D638A9081F9D25EE00B858E9 /* CollectionItem.swift in Sources */ = {isa = PBXBuildFile; fileRef = D69EEF7C1F689911002B29E4 /* CollectionItem.swift */; };
		D638A9091F9D25EE00B858E9 /* CollectionSection.swift in Sources */ = {isa = PBXBuildFile; fileRef = D69EEF801F690F70002B29E4 /* CollectionSection.swift */; };
		D638A90A1F9D25EE00B858E9 /* Helpers.swift in Sources */ = {isa = PBXBuildFile; fileRef = D6CBBEB01F82F048007CD4A7 /* Helpers.swift */; };
		D66BFA951FD3648E0095EC38 /* Header.swift in Sources */ = {isa = PBXBuildFile; fileRef = D66BFA941FD3648E0095EC38 /* Header.swift */; };
		D675695C2170B05E009FBAF0 /* CollectionKitTests.swift in Sources */ = {isa = PBXBuildFile; fileRef = D675695B2170B05E009FBAF0 /* CollectionKitTests.swift */; };
		D675695E2170B05E009FBAF0 /* CollectionKit.framework in Frameworks */ = {isa = PBXBuildFile; fileRef = D638A8D91F9D258E00B858E9 /* CollectionKit.framework */; };
		D681B53D1FC4D0E10015A2CF /* CollectionUpdater.swift in Sources */ = {isa = PBXBuildFile; fileRef = D681B53C1FC4D0E10015A2CF /* CollectionUpdater.swift */; };
		D6ADF7891FDC15B3003A0F41 /* AbstractCollectionSection.swift in Sources */ = {isa = PBXBuildFile; fileRef = D6ADF7881FDC15B3003A0F41 /* AbstractCollectionSection.swift */; };
		D6BA76D02170E9FC005C0849 /* SectionBackgroundFlowLayout.swift in Sources */ = {isa = PBXBuildFile; fileRef = D6BA76CF2170E9FC005C0849 /* SectionBackgroundFlowLayout.swift */; };
		D6D278942029F6A500D2FD68 /* CollectionReusableViewsRegisterer.swift in Sources */ = {isa = PBXBuildFile; fileRef = D6D278932029F6A500D2FD68 /* CollectionReusableViewsRegisterer.swift */; };
		D6DDE6651FDD55F000F457D4 /* ExpandableSection.swift in Sources */ = {isa = PBXBuildFile; fileRef = D6DDE6641FDD55F000F457D4 /* ExpandableSection.swift */; };
/* End PBXBuildFile section */

/* Begin PBXContainerItemProxy section */
		D6077EF71F9FF38600DD8CA6 /* PBXContainerItemProxy */ = {
			isa = PBXContainerItemProxy;
			containerPortal = D69EEF4D1F6894F5002B29E4 /* Project object */;
			proxyType = 1;
			remoteGlobalIDString = D638A8D81F9D258E00B858E9;
			remoteInfo = CollectionKit;
		};
		D675695F2170B05E009FBAF0 /* PBXContainerItemProxy */ = {
			isa = PBXContainerItemProxy;
			containerPortal = D69EEF4D1F6894F5002B29E4 /* Project object */;
			proxyType = 1;
			remoteGlobalIDString = D638A8D81F9D258E00B858E9;
			remoteInfo = CollectionKit;
		};
		D67569642170B35F009FBAF0 /* PBXContainerItemProxy */ = {
			isa = PBXContainerItemProxy;
			containerPortal = D69EEF4D1F6894F5002B29E4 /* Project object */;
			proxyType = 1;
			remoteGlobalIDString = D6077EF51F9FF38600DD8CA6;
			remoteInfo = Examples;
		};
/* End PBXContainerItemProxy section */

/* Begin PBXCopyFilesBuildPhase section */
		D6077F031F9FF38600DD8CA6 /* Embed Frameworks */ = {
			isa = PBXCopyFilesBuildPhase;
			buildActionMask = 2147483647;
			dstPath = "";
			dstSubfolderSpec = 10;
			files = (
				D6077F041F9FF38600DD8CA6 /* CollectionKit.framework in Embed Frameworks */,
			);
			name = "Embed Frameworks";
			runOnlyForDeploymentPostprocessing = 0;
		};
/* End PBXCopyFilesBuildPhase section */

/* Begin PBXFileReference section */
		D6077EF31F9FF1A100DD8CA6 /* CollectionHeaderFooterView.swift */ = {isa = PBXFileReference; fileEncoding = 4; lastKnownFileType = sourcecode.swift; path = CollectionHeaderFooterView.swift; sourceTree = "<group>"; };
		D6077F081F9FF38600DD8CA6 /* Examples.app */ = {isa = PBXFileReference; explicitFileType = wrapper.application; includeInIndex = 0; path = Examples.app; sourceTree = BUILT_PRODUCTS_DIR; };
		D619850F1FCB201E00D6BCB1 /* CellFromXIB.swift */ = {isa = PBXFileReference; lastKnownFileType = sourcecode.swift; path = CellFromXIB.swift; sourceTree = "<group>"; };
		D61985111FCB235C00D6BCB1 /* CellFromXIB.xib */ = {isa = PBXFileReference; lastKnownFileType = file.xib; path = CellFromXIB.xib; sourceTree = "<group>"; };
		D61A2F912134956100165700 /* Protocols.swift */ = {isa = PBXFileReference; lastKnownFileType = sourcecode.swift; path = Protocols.swift; sourceTree = "<group>"; };
		D61A2F9321349DC200165700 /* Operators.swift */ = {isa = PBXFileReference; lastKnownFileType = sourcecode.swift; path = Operators.swift; sourceTree = "<group>"; };
		D638A8D91F9D258E00B858E9 /* CollectionKit.framework */ = {isa = PBXFileReference; explicitFileType = wrapper.framework; includeInIndex = 0; path = CollectionKit.framework; sourceTree = BUILT_PRODUCTS_DIR; };
		D638A8DB1F9D258E00B858E9 /* CollectionKit.h */ = {isa = PBXFileReference; lastKnownFileType = sourcecode.c.h; path = CollectionKit.h; sourceTree = "<group>"; };
		D638A8FD1F9D25AF00B858E9 /* Assets.xcassets */ = {isa = PBXFileReference; lastKnownFileType = folder.assetcatalog; path = Assets.xcassets; sourceTree = "<group>"; };
		D638A9001F9D25AF00B858E9 /* Base */ = {isa = PBXFileReference; lastKnownFileType = file.storyboard; name = Base; path = Base.lproj/LaunchScreen.storyboard; sourceTree = "<group>"; };
		D638A9021F9D25AF00B858E9 /* Info.plist */ = {isa = PBXFileReference; lastKnownFileType = text.plist.xml; path = Info.plist; sourceTree = "<group>"; };
		D66BFA941FD3648E0095EC38 /* Header.swift */ = {isa = PBXFileReference; lastKnownFileType = sourcecode.swift; path = Header.swift; sourceTree = "<group>"; };
		D67569592170B05E009FBAF0 /* CollectionKitTests.xctest */ = {isa = PBXFileReference; explicitFileType = wrapper.cfbundle; includeInIndex = 0; path = CollectionKitTests.xctest; sourceTree = BUILT_PRODUCTS_DIR; };
		D675695B2170B05E009FBAF0 /* CollectionKitTests.swift */ = {isa = PBXFileReference; lastKnownFileType = sourcecode.swift; path = CollectionKitTests.swift; sourceTree = "<group>"; };
		D675695D2170B05E009FBAF0 /* Info.plist */ = {isa = PBXFileReference; lastKnownFileType = text.plist.xml; path = Info.plist; sourceTree = "<group>"; };
		D681B53C1FC4D0E10015A2CF /* CollectionUpdater.swift */ = {isa = PBXFileReference; lastKnownFileType = sourcecode.swift; path = CollectionUpdater.swift; sourceTree = "<group>"; };
		D69EEF581F6894F5002B29E4 /* AppDelegate.swift */ = {isa = PBXFileReference; lastKnownFileType = sourcecode.swift; name = AppDelegate.swift; path = ../CollectionKit/AppDelegate.swift; sourceTree = "<group>"; };
		D69EEF5A1F6894F5002B29E4 /* ViewController.swift */ = {isa = PBXFileReference; lastKnownFileType = sourcecode.swift; path = ViewController.swift; sourceTree = "<group>"; };
		D69EEF5D1F6894F5002B29E4 /* Base */ = {isa = PBXFileReference; lastKnownFileType = file.storyboard; name = Base; path = Base.lproj/Main.storyboard; sourceTree = "<group>"; };
		D69EEF641F6894F5002B29E4 /* Info.plist */ = {isa = PBXFileReference; lastKnownFileType = text.plist.xml; path = Info.plist; sourceTree = "<group>"; };
		D69EEF781F68951A002B29E4 /* CollectionDirector.swift */ = {isa = PBXFileReference; fileEncoding = 4; lastKnownFileType = sourcecode.swift; path = CollectionDirector.swift; sourceTree = "<group>"; };
		D69EEF7A1F6898AA002B29E4 /* Reusable.swift */ = {isa = PBXFileReference; fileEncoding = 4; lastKnownFileType = sourcecode.swift; path = Reusable.swift; sourceTree = "<group>"; };
		D69EEF7C1F689911002B29E4 /* CollectionItem.swift */ = {isa = PBXFileReference; fileEncoding = 4; lastKnownFileType = sourcecode.swift; path = CollectionItem.swift; sourceTree = "<group>"; };
		D69EEF7E1F689C98002B29E4 /* CollectionCell.swift */ = {isa = PBXFileReference; fileEncoding = 4; lastKnownFileType = sourcecode.swift; path = CollectionCell.swift; sourceTree = "<group>"; };
		D69EEF801F690F70002B29E4 /* CollectionSection.swift */ = {isa = PBXFileReference; fileEncoding = 4; lastKnownFileType = sourcecode.swift; path = CollectionSection.swift; sourceTree = "<group>"; };
		D6ADF7881FDC15B3003A0F41 /* AbstractCollectionSection.swift */ = {isa = PBXFileReference; lastKnownFileType = sourcecode.swift; path = AbstractCollectionSection.swift; sourceTree = "<group>"; };
		D6BA76CF2170E9FC005C0849 /* SectionBackgroundFlowLayout.swift */ = {isa = PBXFileReference; fileEncoding = 4; lastKnownFileType = sourcecode.swift; path = SectionBackgroundFlowLayout.swift; sourceTree = "<group>"; };
		D6CBBEB01F82F048007CD4A7 /* Helpers.swift */ = {isa = PBXFileReference; fileEncoding = 4; lastKnownFileType = sourcecode.swift; path = Helpers.swift; sourceTree = "<group>"; };
		D6D278932029F6A500D2FD68 /* CollectionReusableViewsRegisterer.swift */ = {isa = PBXFileReference; lastKnownFileType = sourcecode.swift; path = CollectionReusableViewsRegisterer.swift; sourceTree = "<group>"; };
		D6DDE6641FDD55F000F457D4 /* ExpandableSection.swift */ = {isa = PBXFileReference; lastKnownFileType = sourcecode.swift; path = ExpandableSection.swift; sourceTree = "<group>"; };
		D6EF70171FAA7C2500164BA9 /* ru */ = {isa = PBXFileReference; lastKnownFileType = text.plist.strings; name = ru; path = ru.lproj/Main.strings; sourceTree = "<group>"; };
		D6EF70191FAA7C2500164BA9 /* ru */ = {isa = PBXFileReference; lastKnownFileType = text.plist.strings; name = ru; path = ru.lproj/LaunchScreen.strings; sourceTree = "<group>"; };
/* End PBXFileReference section */

/* Begin PBXFrameworksBuildPhase section */
		D6077EFC1F9FF38600DD8CA6 /* Frameworks */ = {
			isa = PBXFrameworksBuildPhase;
			buildActionMask = 2147483647;
			files = (
				D6077EFD1F9FF38600DD8CA6 /* CollectionKit.framework in Frameworks */,
			);
			runOnlyForDeploymentPostprocessing = 0;
		};
		D638A8D51F9D258E00B858E9 /* Frameworks */ = {
			isa = PBXFrameworksBuildPhase;
			buildActionMask = 2147483647;
			files = (
			);
			runOnlyForDeploymentPostprocessing = 0;
		};
		D67569562170B05D009FBAF0 /* Frameworks */ = {
			isa = PBXFrameworksBuildPhase;
			buildActionMask = 2147483647;
			files = (
				D675695E2170B05E009FBAF0 /* CollectionKit.framework in Frameworks */,
			);
			runOnlyForDeploymentPostprocessing = 0;
		};
/* End PBXFrameworksBuildPhase section */

/* Begin PBXGroup section */
		D61A2F952135174400165700 /* Framework */ = {
			isa = PBXGroup;
			children = (
				D69EEF641F6894F5002B29E4 /* Info.plist */,
				D638A8DB1F9D258E00B858E9 /* CollectionKit.h */,
			);
			path = Framework;
			sourceTree = "<group>";
		};
		D61A2F962135175500165700 /* Source */ = {
			isa = PBXGroup;
			children = (
				D69EEF781F68951A002B29E4 /* CollectionDirector.swift */,
				D69EEF7A1F6898AA002B29E4 /* Reusable.swift */,
				D69EEF7C1F689911002B29E4 /* CollectionItem.swift */,
				D69EEF801F690F70002B29E4 /* CollectionSection.swift */,
				D6CBBEB01F82F048007CD4A7 /* Helpers.swift */,
				D6077EF31F9FF1A100DD8CA6 /* CollectionHeaderFooterView.swift */,
				D681B53C1FC4D0E10015A2CF /* CollectionUpdater.swift */,
				D6ADF7881FDC15B3003A0F41 /* AbstractCollectionSection.swift */,
				D6D278932029F6A500D2FD68 /* CollectionReusableViewsRegisterer.swift */,
				D61A2F912134956100165700 /* Protocols.swift */,
				D61A2F9321349DC200165700 /* Operators.swift */,
			);
			path = Source;
			sourceTree = "<group>";
		};
		D638A8DA1F9D258E00B858E9 /* CollectionKit */ = {
			isa = PBXGroup;
			children = (
				D61A2F962135175500165700 /* Source */,
				D61A2F952135174400165700 /* Framework */,
			);
			path = CollectionKit;
			sourceTree = "<group>";
		};
		D638A8F51F9D25AF00B858E9 /* Examples */ = {
			isa = PBXGroup;
			children = (
				D6BA76CF2170E9FC005C0849 /* SectionBackgroundFlowLayout.swift */,
				D69EEF5C1F6894F5002B29E4 /* Main.storyboard */,
				D69EEF7E1F689C98002B29E4 /* CollectionCell.swift */,
				D69EEF581F6894F5002B29E4 /* AppDelegate.swift */,
				D69EEF5A1F6894F5002B29E4 /* ViewController.swift */,
				D638A8FD1F9D25AF00B858E9 /* Assets.xcassets */,
				D638A8FF1F9D25AF00B858E9 /* LaunchScreen.storyboard */,
				D638A9021F9D25AF00B858E9 /* Info.plist */,
				D619850F1FCB201E00D6BCB1 /* CellFromXIB.swift */,
				D61985111FCB235C00D6BCB1 /* CellFromXIB.xib */,
				D66BFA941FD3648E0095EC38 /* Header.swift */,
				D6DDE6641FDD55F000F457D4 /* ExpandableSection.swift */,
			);
			path = Examples;
			sourceTree = "<group>";
		};
		D675695A2170B05E009FBAF0 /* CollectionKitTests */ = {
			isa = PBXGroup;
			children = (
				D675695B2170B05E009FBAF0 /* CollectionKitTests.swift */,
				D675695D2170B05E009FBAF0 /* Info.plist */,
			);
			path = CollectionKitTests;
			sourceTree = "<group>";
		};
		D69EEF4C1F6894F5002B29E4 = {
			isa = PBXGroup;
			children = (
				D638A8DA1F9D258E00B858E9 /* CollectionKit */,
				D638A8F51F9D25AF00B858E9 /* Examples */,
				D675695A2170B05E009FBAF0 /* CollectionKitTests */,
				D69EEF561F6894F5002B29E4 /* Products */,
			);
			sourceTree = "<group>";
		};
		D69EEF561F6894F5002B29E4 /* Products */ = {
			isa = PBXGroup;
			children = (
				D638A8D91F9D258E00B858E9 /* CollectionKit.framework */,
				D6077F081F9FF38600DD8CA6 /* Examples.app */,
				D67569592170B05E009FBAF0 /* CollectionKitTests.xctest */,
			);
			name = Products;
			sourceTree = "<group>";
		};
/* End PBXGroup section */

/* Begin PBXHeadersBuildPhase section */
		D638A8D61F9D258E00B858E9 /* Headers */ = {
			isa = PBXHeadersBuildPhase;
			buildActionMask = 2147483647;
			files = (
				D638A8E91F9D258E00B858E9 /* CollectionKit.h in Headers */,
			);
			runOnlyForDeploymentPostprocessing = 0;
		};
/* End PBXHeadersBuildPhase section */

/* Begin PBXNativeTarget section */
		D6077EF51F9FF38600DD8CA6 /* Examples */ = {
			isa = PBXNativeTarget;
			buildConfigurationList = D6077F051F9FF38600DD8CA6 /* Build configuration list for PBXNativeTarget "Examples" */;
			buildPhases = (
				D6077EF81F9FF38600DD8CA6 /* Sources */,
				D6077EFC1F9FF38600DD8CA6 /* Frameworks */,
				D6077EFE1F9FF38600DD8CA6 /* Resources */,
				D6077F031F9FF38600DD8CA6 /* Embed Frameworks */,
			);
			buildRules = (
			);
			dependencies = (
				D6077EF61F9FF38600DD8CA6 /* PBXTargetDependency */,
			);
			name = Examples;
			productName = Examples;
			productReference = D6077F081F9FF38600DD8CA6 /* Examples.app */;
			productType = "com.apple.product-type.application";
		};
		D638A8D81F9D258E00B858E9 /* CollectionKit */ = {
			isa = PBXNativeTarget;
			buildConfigurationList = D638A8EA1F9D258E00B858E9 /* Build configuration list for PBXNativeTarget "CollectionKit" */;
			buildPhases = (
				D638A8D41F9D258E00B858E9 /* Sources */,
				D638A8D51F9D258E00B858E9 /* Frameworks */,
				D638A8D61F9D258E00B858E9 /* Headers */,
				D638A8D71F9D258E00B858E9 /* Resources */,
			);
			buildRules = (
			);
			dependencies = (
			);
			name = CollectionKit;
			productName = CollectionKit;
			productReference = D638A8D91F9D258E00B858E9 /* CollectionKit.framework */;
			productType = "com.apple.product-type.framework";
		};
		D67569582170B05D009FBAF0 /* CollectionKitTests */ = {
			isa = PBXNativeTarget;
			buildConfigurationList = D67569612170B05E009FBAF0 /* Build configuration list for PBXNativeTarget "CollectionKitTests" */;
			buildPhases = (
				D67569552170B05D009FBAF0 /* Sources */,
				D67569562170B05D009FBAF0 /* Frameworks */,
				D67569572170B05D009FBAF0 /* Resources */,
			);
			buildRules = (
			);
			dependencies = (
				D67569602170B05E009FBAF0 /* PBXTargetDependency */,
				D67569652170B35F009FBAF0 /* PBXTargetDependency */,
			);
			name = CollectionKitTests;
			productName = CollectionKitTests;
			productReference = D67569592170B05E009FBAF0 /* CollectionKitTests.xctest */;
			productType = "com.apple.product-type.bundle.unit-test";
		};
/* End PBXNativeTarget section */

/* Begin PBXProject section */
		D69EEF4D1F6894F5002B29E4 /* Project object */ = {
			isa = PBXProject;
			attributes = {
				LastSwiftUpdateCheck = 0940;
				LastUpgradeCheck = 0830;
				ORGANIZATIONNAME = "Igor Vedeneev";
				TargetAttributes = {
					D6077EF51F9FF38600DD8CA6 = {
						ProvisioningStyle = Manual;
					};
					D638A8D81F9D258E00B858E9 = {
						CreatedOnToolsVersion = 8.3.2;
						ProvisioningStyle = Manual;
					};
					D67569582170B05D009FBAF0 = {
						CreatedOnToolsVersion = 9.4.1;
						ProvisioningStyle = Manual;
						TestTargetID = D6077EF51F9FF38600DD8CA6;
					};
				};
			};
			buildConfigurationList = D69EEF501F6894F5002B29E4 /* Build configuration list for PBXProject "CollectionKit" */;
			compatibilityVersion = "Xcode 3.2";
			developmentRegion = English;
			hasScannedForEncodings = 0;
			knownRegions = (
				en,
				Base,
				ru,
			);
			mainGroup = D69EEF4C1F6894F5002B29E4;
			productRefGroup = D69EEF561F6894F5002B29E4 /* Products */;
			projectDirPath = "";
			projectRoot = "";
			targets = (
				D638A8D81F9D258E00B858E9 /* CollectionKit */,
				D6077EF51F9FF38600DD8CA6 /* Examples */,
				D67569582170B05D009FBAF0 /* CollectionKitTests */,
			);
		};
/* End PBXProject section */

/* Begin PBXResourcesBuildPhase section */
		D6077EFE1F9FF38600DD8CA6 /* Resources */ = {
			isa = PBXResourcesBuildPhase;
			buildActionMask = 2147483647;
			files = (
				D61985121FCB235C00D6BCB1 /* CellFromXIB.xib in Resources */,
				D6077EFF1F9FF38600DD8CA6 /* LaunchScreen.storyboard in Resources */,
				D6077F001F9FF38600DD8CA6 /* Assets.xcassets in Resources */,
				D6077F021F9FF38600DD8CA6 /* Main.storyboard in Resources */,
			);
			runOnlyForDeploymentPostprocessing = 0;
		};
		D638A8D71F9D258E00B858E9 /* Resources */ = {
			isa = PBXResourcesBuildPhase;
			buildActionMask = 2147483647;
			files = (
			);
			runOnlyForDeploymentPostprocessing = 0;
		};
		D67569572170B05D009FBAF0 /* Resources */ = {
			isa = PBXResourcesBuildPhase;
			buildActionMask = 2147483647;
			files = (
			);
			runOnlyForDeploymentPostprocessing = 0;
		};
/* End PBXResourcesBuildPhase section */

/* Begin PBXSourcesBuildPhase section */
		D6077EF81F9FF38600DD8CA6 /* Sources */ = {
			isa = PBXSourcesBuildPhase;
			buildActionMask = 2147483647;
			files = (
				D66BFA951FD3648E0095EC38 /* Header.swift in Sources */,
				D6077EF91F9FF38600DD8CA6 /* ViewController.swift in Sources */,
				D6077EFA1F9FF38600DD8CA6 /* AppDelegate.swift in Sources */,
				D6BA76D02170E9FC005C0849 /* SectionBackgroundFlowLayout.swift in Sources */,
				D6DDE6651FDD55F000F457D4 /* ExpandableSection.swift in Sources */,
				D6077EFB1F9FF38600DD8CA6 /* CollectionCell.swift in Sources */,
				D61985101FCB201E00D6BCB1 /* CellFromXIB.swift in Sources */,
			);
			runOnlyForDeploymentPostprocessing = 0;
		};
		D638A8D41F9D258E00B858E9 /* Sources */ = {
			isa = PBXSourcesBuildPhase;
			buildActionMask = 2147483647;
			files = (
				D638A9071F9D25EE00B858E9 /* Reusable.swift in Sources */,
				D638A9061F9D25EE00B858E9 /* CollectionDirector.swift in Sources */,
				D681B53D1FC4D0E10015A2CF /* CollectionUpdater.swift in Sources */,
				D6077EF41F9FF1A100DD8CA6 /* CollectionHeaderFooterView.swift in Sources */,
				D638A9081F9D25EE00B858E9 /* CollectionItem.swift in Sources */,
				D61A2F922134956100165700 /* Protocols.swift in Sources */,
				D61A2F9421349DC200165700 /* Operators.swift in Sources */,
				D638A90A1F9D25EE00B858E9 /* Helpers.swift in Sources */,
				D638A9091F9D25EE00B858E9 /* CollectionSection.swift in Sources */,
				D6ADF7891FDC15B3003A0F41 /* AbstractCollectionSection.swift in Sources */,
				D6D278942029F6A500D2FD68 /* CollectionReusableViewsRegisterer.swift in Sources */,
			);
			runOnlyForDeploymentPostprocessing = 0;
		};
		D67569552170B05D009FBAF0 /* Sources */ = {
			isa = PBXSourcesBuildPhase;
			buildActionMask = 2147483647;
			files = (
				D675695C2170B05E009FBAF0 /* CollectionKitTests.swift in Sources */,
			);
			runOnlyForDeploymentPostprocessing = 0;
		};
/* End PBXSourcesBuildPhase section */

/* Begin PBXTargetDependency section */
		D6077EF61F9FF38600DD8CA6 /* PBXTargetDependency */ = {
			isa = PBXTargetDependency;
			target = D638A8D81F9D258E00B858E9 /* CollectionKit */;
			targetProxy = D6077EF71F9FF38600DD8CA6 /* PBXContainerItemProxy */;
		};
		D67569602170B05E009FBAF0 /* PBXTargetDependency */ = {
			isa = PBXTargetDependency;
			target = D638A8D81F9D258E00B858E9 /* CollectionKit */;
			targetProxy = D675695F2170B05E009FBAF0 /* PBXContainerItemProxy */;
		};
		D67569652170B35F009FBAF0 /* PBXTargetDependency */ = {
			isa = PBXTargetDependency;
			target = D6077EF51F9FF38600DD8CA6 /* Examples */;
			targetProxy = D67569642170B35F009FBAF0 /* PBXContainerItemProxy */;
		};
/* End PBXTargetDependency section */

/* Begin PBXVariantGroup section */
		D638A8FF1F9D25AF00B858E9 /* LaunchScreen.storyboard */ = {
			isa = PBXVariantGroup;
			children = (
				D638A9001F9D25AF00B858E9 /* Base */,
				D6EF70191FAA7C2500164BA9 /* ru */,
			);
			name = LaunchScreen.storyboard;
			sourceTree = "<group>";
		};
		D69EEF5C1F6894F5002B29E4 /* Main.storyboard */ = {
			isa = PBXVariantGroup;
			children = (
				D69EEF5D1F6894F5002B29E4 /* Base */,
				D6EF70171FAA7C2500164BA9 /* ru */,
			);
			name = Main.storyboard;
			path = ../CollectionKit;
			sourceTree = "<group>";
		};
/* End PBXVariantGroup section */

/* Begin XCBuildConfiguration section */
		D6077F061F9FF38600DD8CA6 /* Debug */ = {
			isa = XCBuildConfiguration;
			buildSettings = {
				ALWAYS_EMBED_SWIFT_STANDARD_LIBRARIES = YES;
				ASSETCATALOG_COMPILER_APPICON_NAME = AppIcon;
				CODE_SIGN_STYLE = Manual;
				DEVELOPMENT_TEAM = "";
				INFOPLIST_FILE = "Examples copy-Info.plist";
				LD_RUNPATH_SEARCH_PATHS = "$(inherited) @executable_path/Frameworks";
				PRODUCT_BUNDLE_IDENTIFIER = com.igorvedeneev.Examples;
				PRODUCT_NAME = "$(TARGET_NAME)";
				PROVISIONING_PROFILE_SPECIFIER = "";
				SWIFT_VERSION = 4.0;
			};
			name = Debug;
		};
		D6077F071F9FF38600DD8CA6 /* Release */ = {
			isa = XCBuildConfiguration;
			buildSettings = {
				ALWAYS_EMBED_SWIFT_STANDARD_LIBRARIES = YES;
				ASSETCATALOG_COMPILER_APPICON_NAME = AppIcon;
				CODE_SIGN_STYLE = Manual;
				DEVELOPMENT_TEAM = "";
				INFOPLIST_FILE = "Examples copy-Info.plist";
				LD_RUNPATH_SEARCH_PATHS = "$(inherited) @executable_path/Frameworks";
				PRODUCT_BUNDLE_IDENTIFIER = com.igorvedeneev.Examples;
				PRODUCT_NAME = "$(TARGET_NAME)";
				PROVISIONING_PROFILE_SPECIFIER = "";
				SWIFT_VERSION = 4.0;
			};
			name = Release;
		};
		D638A8EB1F9D258E00B858E9 /* Debug */ = {
			isa = XCBuildConfiguration;
			buildSettings = {
				CODE_SIGN_IDENTITY = "";
				CODE_SIGN_STYLE = Manual;
				CURRENT_PROJECT_VERSION = 1;
				DEFINES_MODULE = YES;
				DEVELOPMENT_TEAM = "";
				DYLIB_COMPATIBILITY_VERSION = 1;
				DYLIB_CURRENT_VERSION = 1;
				DYLIB_INSTALL_NAME_BASE = "@rpath";
				INFOPLIST_FILE = CollectionKit/Framework/Info.plist;
				INSTALL_PATH = "$(LOCAL_LIBRARY_DIR)/Frameworks";
				IPHONEOS_DEPLOYMENT_TARGET = 9.0;
				LD_RUNPATH_SEARCH_PATHS = "$(inherited) @executable_path/Frameworks @loader_path/Frameworks";
				PRODUCT_BUNDLE_IDENTIFIER = com.igorvedeneev.CollectionKit;
				PRODUCT_NAME = "$(TARGET_NAME)";
				PROVISIONING_PROFILE_SPECIFIER = "";
				SKIP_INSTALL = YES;
				SWIFT_VERSION = 5.0;
				VERSIONING_SYSTEM = "apple-generic";
				VERSION_INFO_PREFIX = "";
			};
			name = Debug;
		};
		D638A8EC1F9D258E00B858E9 /* Release */ = {
			isa = XCBuildConfiguration;
			buildSettings = {
				CODE_SIGN_IDENTITY = "";
				CODE_SIGN_STYLE = Manual;
				CURRENT_PROJECT_VERSION = 1;
				DEFINES_MODULE = YES;
				DEVELOPMENT_TEAM = "";
				DYLIB_COMPATIBILITY_VERSION = 1;
				DYLIB_CURRENT_VERSION = 1;
				DYLIB_INSTALL_NAME_BASE = "@rpath";
				INFOPLIST_FILE = CollectionKit/Framework/Info.plist;
				INSTALL_PATH = "$(LOCAL_LIBRARY_DIR)/Frameworks";
				IPHONEOS_DEPLOYMENT_TARGET = 9.0;
				LD_RUNPATH_SEARCH_PATHS = "$(inherited) @executable_path/Frameworks @loader_path/Frameworks";
				PRODUCT_BUNDLE_IDENTIFIER = com.igorvedeneev.CollectionKit;
				PRODUCT_NAME = "$(TARGET_NAME)";
				PROVISIONING_PROFILE_SPECIFIER = "";
				SKIP_INSTALL = YES;
				SWIFT_VERSION = 5.0;
				VERSIONING_SYSTEM = "apple-generic";
				VERSION_INFO_PREFIX = "";
			};
			name = Release;
		};
		D67569622170B05E009FBAF0 /* Debug */ = {
			isa = XCBuildConfiguration;
			buildSettings = {
				CLANG_CXX_LANGUAGE_STANDARD = "gnu++14";
				CLANG_ENABLE_OBJC_WEAK = YES;
				CLANG_WARN_BLOCK_CAPTURE_AUTORELEASING = YES;
				CLANG_WARN_COMMA = YES;
				CLANG_WARN_DEPRECATED_OBJC_IMPLEMENTATIONS = YES;
				CLANG_WARN_NON_LITERAL_NULL_CONVERSION = YES;
				CLANG_WARN_OBJC_IMPLICIT_RETAIN_SELF = YES;
				CLANG_WARN_OBJC_LITERAL_CONVERSION = YES;
				CLANG_WARN_RANGE_LOOP_ANALYSIS = YES;
				CLANG_WARN_STRICT_PROTOTYPES = YES;
				CLANG_WARN_UNGUARDED_AVAILABILITY = YES_AGGRESSIVE;
				CODE_SIGN_IDENTITY = "iPhone Developer";
				CODE_SIGN_STYLE = Manual;
				DEVELOPMENT_TEAM = "";
				GCC_C_LANGUAGE_STANDARD = gnu11;
				INFOPLIST_FILE = CollectionKitTests/Info.plist;
				IPHONEOS_DEPLOYMENT_TARGET = 11.4;
				LD_RUNPATH_SEARCH_PATHS = "$(inherited) @executable_path/Frameworks @loader_path/Frameworks";
				PRODUCT_BUNDLE_IDENTIFIER = dd.CollectionKitTests;
				PRODUCT_NAME = "$(TARGET_NAME)";
				PROVISIONING_PROFILE_SPECIFIER = "";
				SWIFT_VERSION = 4.0;
				TARGETED_DEVICE_FAMILY = "1,2";
				TEST_HOST = "$(BUILT_PRODUCTS_DIR)/Examples.app/Examples";
			};
			name = Debug;
		};
		D67569632170B05E009FBAF0 /* Release */ = {
			isa = XCBuildConfiguration;
			buildSettings = {
				CLANG_CXX_LANGUAGE_STANDARD = "gnu++14";
				CLANG_ENABLE_OBJC_WEAK = YES;
				CLANG_WARN_BLOCK_CAPTURE_AUTORELEASING = YES;
				CLANG_WARN_COMMA = YES;
				CLANG_WARN_DEPRECATED_OBJC_IMPLEMENTATIONS = YES;
				CLANG_WARN_NON_LITERAL_NULL_CONVERSION = YES;
				CLANG_WARN_OBJC_IMPLICIT_RETAIN_SELF = YES;
				CLANG_WARN_OBJC_LITERAL_CONVERSION = YES;
				CLANG_WARN_RANGE_LOOP_ANALYSIS = YES;
				CLANG_WARN_STRICT_PROTOTYPES = YES;
				CLANG_WARN_UNGUARDED_AVAILABILITY = YES_AGGRESSIVE;
				CODE_SIGN_IDENTITY = "iPhone Developer";
				CODE_SIGN_STYLE = Manual;
				DEVELOPMENT_TEAM = "";
				GCC_C_LANGUAGE_STANDARD = gnu11;
				INFOPLIST_FILE = CollectionKitTests/Info.plist;
				IPHONEOS_DEPLOYMENT_TARGET = 11.4;
				LD_RUNPATH_SEARCH_PATHS = "$(inherited) @executable_path/Frameworks @loader_path/Frameworks";
				PRODUCT_BUNDLE_IDENTIFIER = dd.CollectionKitTests;
				PRODUCT_NAME = "$(TARGET_NAME)";
				PROVISIONING_PROFILE_SPECIFIER = "";
				SWIFT_VERSION = 4.0;
				TARGETED_DEVICE_FAMILY = "1,2";
				TEST_HOST = "$(BUILT_PRODUCTS_DIR)/Examples.app/Examples";
			};
			name = Release;
		};
		D69EEF701F6894F5002B29E4 /* Debug */ = {
			isa = XCBuildConfiguration;
			buildSettings = {
				ALWAYS_SEARCH_USER_PATHS = NO;
				CLANG_ANALYZER_LOCALIZABILITY_NONLOCALIZED = YES;
				CLANG_ANALYZER_NONNULL = YES;
				CLANG_ANALYZER_NUMBER_OBJECT_CONVERSION = YES_AGGRESSIVE;
				CLANG_CXX_LANGUAGE_STANDARD = "gnu++0x";
				CLANG_CXX_LIBRARY = "libc++";
				CLANG_ENABLE_MODULES = YES;
				CLANG_ENABLE_OBJC_ARC = YES;
				CLANG_WARN_BOOL_CONVERSION = YES;
				CLANG_WARN_CONSTANT_CONVERSION = YES;
				CLANG_WARN_DIRECT_OBJC_ISA_USAGE = YES_ERROR;
				CLANG_WARN_DOCUMENTATION_COMMENTS = YES;
				CLANG_WARN_EMPTY_BODY = YES;
				CLANG_WARN_ENUM_CONVERSION = YES;
				CLANG_WARN_INFINITE_RECURSION = YES;
				CLANG_WARN_INT_CONVERSION = YES;
				CLANG_WARN_OBJC_ROOT_CLASS = YES_ERROR;
				CLANG_WARN_SUSPICIOUS_MOVE = YES;
				CLANG_WARN_UNREACHABLE_CODE = YES;
				CLANG_WARN__DUPLICATE_METHOD_MATCH = YES;
				"CODE_SIGN_IDENTITY[sdk=iphoneos*]" = "iPhone Developer";
				COPY_PHASE_STRIP = NO;
				DEBUG_INFORMATION_FORMAT = dwarf;
				ENABLE_STRICT_OBJC_MSGSEND = YES;
				ENABLE_TESTABILITY = YES;
				GCC_C_LANGUAGE_STANDARD = gnu99;
				GCC_DYNAMIC_NO_PIC = NO;
				GCC_NO_COMMON_BLOCKS = YES;
				GCC_OPTIMIZATION_LEVEL = 0;
				GCC_PREPROCESSOR_DEFINITIONS = (
					"DEBUG=1",
					"$(inherited)",
				);
				GCC_WARN_64_TO_32_BIT_CONVERSION = YES;
				GCC_WARN_ABOUT_RETURN_TYPE = YES_ERROR;
				GCC_WARN_UNDECLARED_SELECTOR = YES;
				GCC_WARN_UNINITIALIZED_AUTOS = YES_AGGRESSIVE;
				GCC_WARN_UNUSED_FUNCTION = YES;
				GCC_WARN_UNUSED_VARIABLE = YES;
				IPHONEOS_DEPLOYMENT_TARGET = 10.3;
				MTL_ENABLE_DEBUG_INFO = YES;
				ONLY_ACTIVE_ARCH = YES;
				SDKROOT = iphoneos;
				SWIFT_ACTIVE_COMPILATION_CONDITIONS = DEBUG;
				SWIFT_OPTIMIZATION_LEVEL = "-Onone";
				TARGETED_DEVICE_FAMILY = "1,2";
			};
			name = Debug;
		};
		D69EEF711F6894F5002B29E4 /* Release */ = {
			isa = XCBuildConfiguration;
			buildSettings = {
				ALWAYS_SEARCH_USER_PATHS = NO;
				CLANG_ANALYZER_LOCALIZABILITY_NONLOCALIZED = YES;
				CLANG_ANALYZER_NONNULL = YES;
				CLANG_ANALYZER_NUMBER_OBJECT_CONVERSION = YES_AGGRESSIVE;
				CLANG_CXX_LANGUAGE_STANDARD = "gnu++0x";
				CLANG_CXX_LIBRARY = "libc++";
				CLANG_ENABLE_MODULES = YES;
				CLANG_ENABLE_OBJC_ARC = YES;
				CLANG_WARN_BOOL_CONVERSION = YES;
				CLANG_WARN_CONSTANT_CONVERSION = YES;
				CLANG_WARN_DIRECT_OBJC_ISA_USAGE = YES_ERROR;
				CLANG_WARN_DOCUMENTATION_COMMENTS = YES;
				CLANG_WARN_EMPTY_BODY = YES;
				CLANG_WARN_ENUM_CONVERSION = YES;
				CLANG_WARN_INFINITE_RECURSION = YES;
				CLANG_WARN_INT_CONVERSION = YES;
				CLANG_WARN_OBJC_ROOT_CLASS = YES_ERROR;
				CLANG_WARN_SUSPICIOUS_MOVE = YES;
				CLANG_WARN_UNREACHABLE_CODE = YES;
				CLANG_WARN__DUPLICATE_METHOD_MATCH = YES;
				"CODE_SIGN_IDENTITY[sdk=iphoneos*]" = "iPhone Developer";
				COPY_PHASE_STRIP = NO;
				DEBUG_INFORMATION_FORMAT = "dwarf-with-dsym";
				ENABLE_NS_ASSERTIONS = NO;
				ENABLE_STRICT_OBJC_MSGSEND = YES;
				GCC_C_LANGUAGE_STANDARD = gnu99;
				GCC_NO_COMMON_BLOCKS = YES;
				GCC_WARN_64_TO_32_BIT_CONVERSION = YES;
				GCC_WARN_ABOUT_RETURN_TYPE = YES_ERROR;
				GCC_WARN_UNDECLARED_SELECTOR = YES;
				GCC_WARN_UNINITIALIZED_AUTOS = YES_AGGRESSIVE;
				GCC_WARN_UNUSED_FUNCTION = YES;
				GCC_WARN_UNUSED_VARIABLE = YES;
				IPHONEOS_DEPLOYMENT_TARGET = 10.3;
				MTL_ENABLE_DEBUG_INFO = NO;
				SDKROOT = iphoneos;
				SWIFT_OPTIMIZATION_LEVEL = "-Owholemodule";
				TARGETED_DEVICE_FAMILY = "1,2";
				VALIDATE_PRODUCT = YES;
			};
			name = Release;
		};
/* End XCBuildConfiguration section */

/* Begin XCConfigurationList section */
		D6077F051F9FF38600DD8CA6 /* Build configuration list for PBXNativeTarget "Examples" */ = {
			isa = XCConfigurationList;
			buildConfigurations = (
				D6077F061F9FF38600DD8CA6 /* Debug */,
				D6077F071F9FF38600DD8CA6 /* Release */,
			);
			defaultConfigurationIsVisible = 0;
			defaultConfigurationName = Release;
		};
		D638A8EA1F9D258E00B858E9 /* Build configuration list for PBXNativeTarget "CollectionKit" */ = {
			isa = XCConfigurationList;
			buildConfigurations = (
				D638A8EB1F9D258E00B858E9 /* Debug */,
				D638A8EC1F9D258E00B858E9 /* Release */,
			);
			defaultConfigurationIsVisible = 0;
			defaultConfigurationName = Release;
		};
		D67569612170B05E009FBAF0 /* Build configuration list for PBXNativeTarget "CollectionKitTests" */ = {
			isa = XCConfigurationList;
			buildConfigurations = (
				D67569622170B05E009FBAF0 /* Debug */,
				D67569632170B05E009FBAF0 /* Release */,
			);
			defaultConfigurationIsVisible = 0;
			defaultConfigurationName = Release;
		};
		D69EEF501F6894F5002B29E4 /* Build configuration list for PBXProject "CollectionKit" */ = {
			isa = XCConfigurationList;
			buildConfigurations = (
				D69EEF701F6894F5002B29E4 /* Debug */,
				D69EEF711F6894F5002B29E4 /* Release */,
			);
			defaultConfigurationIsVisible = 0;
			defaultConfigurationName = Release;
		};
/* End XCConfigurationList section */
	};
	rootObject = D69EEF4D1F6894F5002B29E4 /* Project object */;
}
